
Microsoft Visual Studio Solution File, Format Version 12.00
# Visual Studio 15
VisualStudioVersion = 15.0.28307.539
MinimumVisualStudioVersion = 10.0.40219.1
Project("{FAE04EC0-301F-11D3-BF4B-00C04F79EFBC}") = "SimpleInterpolation", "SimpleInterpolation\SimpleInterpolation.csproj", "{659B86C3-3C23-4D3C-8C93-EAC4F863FE73}"
EndProject
Global
	GlobalSection(SolutionConfigurationPlatforms) = preSolution
		Debug|Any CPU = Debug|Any CPU
		Debug|x64 = Debug|x64
		Release|Any CPU = Release|Any CPU
		Release|x64 = Release|x64
	EndGlobalSection
	GlobalSection(ProjectConfigurationPlatforms) = postSolution
		{659B86C3-3C23-4D3C-8C93-EAC4F863FE73}.Debug|Any CPU.ActiveCfg = Debug|Any CPU
		{659B86C3-3C23-4D3C-8C93-EAC4F863FE73}.Debug|Any CPU.Build.0 = Debug|Any CPU
		{659B86C3-3C23-4D3C-8C93-EAC4F863FE73}.Debug|x64.ActiveCfg = Debug|x64
		{659B86C3-3C23-4D3C-8C93-EAC4F863FE73}.Debug|x64.Build.0 = Debug|x64
		{659B86C3-3C23-4D3C-8C93-EAC4F863FE73}.Release|Any CPU.ActiveCfg = Release|Any CPU
		{659B86C3-3C23-4D3C-8C93-EAC4F863FE73}.Release|Any CPU.Build.0 = Release|Any CPU
		{659B86C3-3C23-4D3C-8C93-EAC4F863FE73}.Release|x64.ActiveCfg = Release|x64
		{659B86C3-3C23-4D3C-8C93-EAC4F863FE73}.Release|x64.Build.0 = Release|x64
	EndGlobalSection
	GlobalSection(SolutionProperties) = preSolution
		HideSolutionNode = FALSE
	EndGlobalSection
	GlobalSection(ExtensibilityGlobals) = postSolution
		SolutionGuid = {914F71D5-5C86-4ED8-BA35-ED8FB53ED86F}
	EndGlobalSection
EndGlobal
